
Microsoft Visual Studio Solution File, Format Version 12.00
# Visual Studio Version 17
VisualStudioVersion = 17.1.32414.318
MinimumVisualStudioVersion = 10.0.40219.1
Project("{8BC9CEB8-8B4A-11D0-8D11-00A0C91BC942}") = "51richeng", "51richeng\51richeng.vcxproj", "{5FA3A559-20DB-46CC-A999-30E17E47FB6A}"
EndProject
Project("{8BC9CEB8-8B4A-11D0-8D11-00A0C91BC942}") = "RmlBackend", "RmlBackend\RmlBackend.vcxitems", "{7967CD75-DDC8-4CF8-9F76-E8453D578A37}"
EndProject
Project("{8BC9CEB8-8B4A-11D0-8D11-00A0C91BC942}") = "RmlShell", "RmlShell\RmlShell.vcxitems", "{05645CBD-7E87-4C6A-B307-718267AA8B8D}"
EndProject
Global
	GlobalSection(SharedMSBuildProjectFiles) = preSolution
		RmlShell\RmlShell.vcxitems*{05645cbd-7e87-4c6a-b307-718267aa8b8d}*SharedItemsImports = 9
		RmlBackend\RmlBackend.vcxitems*{5fa3a559-20db-46cc-a999-30e17e47fb6a}*SharedItemsImports = 4
		RmlShell\RmlShell.vcxitems*{5fa3a559-20db-46cc-a999-30e17e47fb6a}*SharedItemsImports = 4
		RmlBackend\RmlBackend.vcxitems*{7967cd75-ddc8-4cf8-9f76-e8453d578a37}*SharedItemsImports = 9
	EndGlobalSection
	GlobalSection(SolutionConfigurationPlatforms) = preSolution
		Debug|x64 = Debug|x64
		Debug|x86 = Debug|x86
		Release|x64 = Release|x64
		Release|x86 = Release|x86
	EndGlobalSection
	GlobalSection(ProjectConfigurationPlatforms) = postSolution
		{5FA3A559-20DB-46CC-A999-30E17E47FB6A}.Debug|x64.ActiveCfg = Debug|x64
		{5FA3A559-20DB-46CC-A999-30E17E47FB6A}.Debug|x64.Build.0 = Debug|x64
		{5FA3A559-20DB-46CC-A999-30E17E47FB6A}.Debug|x86.ActiveCfg = Debug|Win32
		{5FA3A559-20DB-46CC-A999-30E17E47FB6A}.Debug|x86.Build.0 = Debug|Win32
		{5FA3A559-20DB-46CC-A999-30E17E47FB6A}.Release|x64.ActiveCfg = Release|x64
		{5FA3A559-20DB-46CC-A999-30E17E47FB6A}.Release|x64.Build.0 = Release|x64
		{5FA3A559-20DB-46CC-A999-30E17E47FB6A}.Release|x86.ActiveCfg = Release|Win32
		{5FA3A559-20DB-46CC-A999-30E17E47FB6A}.Release|x86.Build.0 = Release|Win32
	EndGlobalSection
	GlobalSection(SolutionProperties) = preSolution
		HideSolutionNode = FALSE
	EndGlobalSection
	GlobalSection(ExtensibilityGlobals) = postSolution
		SolutionGuid = {232B9A29-AA50-4B45-BE07-999B0CB1B507}
	EndGlobalSection
EndGlobal
